// !$*UTF8*$!
{
	archiveVersion = 1;
	classes = {
	};
	objectVersion = 48;
	objects = {

/* Begin PBXBuildFile section */
		260EAB7D2270A73400B005DA /* TileGenerator.swift in Sources */ = {isa = PBXBuildFile; fileRef = 260EAB7C2270A73400B005DA /* TileGenerator.swift */; };
		260EAB8022721EBB00B005DA /* WordDataLineView.swift in Sources */ = {isa = PBXBuildFile; fileRef = 260EAB7F22721EBB00B005DA /* WordDataLineView.swift */; };
		2610741C226E701F003C79AF /* BadgeView.swift in Sources */ = {isa = PBXBuildFile; fileRef = 2610741B226E701F003C79AF /* BadgeView.swift */; };
		261FD3C62258FA99001B1AF0 /* PlaytestOptions.swift in Sources */ = {isa = PBXBuildFile; fileRef = 261FD3C52258FA99001B1AF0 /* PlaytestOptions.swift */; };
		261FD3C8225D27B7001B1AF0 /* BackgroundView.swift in Sources */ = {isa = PBXBuildFile; fileRef = 261FD3C7225D27B7001B1AF0 /* BackgroundView.swift */; };
		2663D9102236028700A59810 /* AppDelegate.swift in Sources */ = {isa = PBXBuildFile; fileRef = 2663D90F2236028700A59810 /* AppDelegate.swift */; };
		2663D9122236028700A59810 /* ViewController.swift in Sources */ = {isa = PBXBuildFile; fileRef = 2663D9112236028700A59810 /* ViewController.swift */; };
		2663D9152236028700A59810 /* Main.storyboard in Resources */ = {isa = PBXBuildFile; fileRef = 2663D9132236028700A59810 /* Main.storyboard */; };
		2663D9172236028700A59810 /* Assets.xcassets in Resources */ = {isa = PBXBuildFile; fileRef = 2663D9162236028700A59810 /* Assets.xcassets */; };
		2663D91A2236028700A59810 /* LaunchScreen.storyboard in Resources */ = {isa = PBXBuildFile; fileRef = 2663D9182236028700A59810 /* LaunchScreen.storyboard */; };
		2663D9252236028700A59810 /* wordgameTests.swift in Sources */ = {isa = PBXBuildFile; fileRef = 2663D9242236028700A59810 /* wordgameTests.swift */; };
		2663D9302236028700A59810 /* wordgameUITests.swift in Sources */ = {isa = PBXBuildFile; fileRef = 2663D92F2236028700A59810 /* wordgameUITests.swift */; };
		2663D93E2236039800A59810 /* TileView.swift in Sources */ = {isa = PBXBuildFile; fileRef = 2663D93D2236039800A59810 /* TileView.swift */; };
		2663D940223604C100A59810 /* Device.swift in Sources */ = {isa = PBXBuildFile; fileRef = 2663D93F223604C100A59810 /* Device.swift */; };
		2663D9442236206A00A59810 /* Tile.swift in Sources */ = {isa = PBXBuildFile; fileRef = 2663D9432236206A00A59810 /* Tile.swift */; };
		26745C6322378CD8000BCD1B /* Rack.swift in Sources */ = {isa = PBXBuildFile; fileRef = 26745C6222378CD8000BCD1B /* Rack.swift */; };
		26745C6522378CDF000BCD1B /* Grid.swift in Sources */ = {isa = PBXBuildFile; fileRef = 26745C6422378CDF000BCD1B /* Grid.swift */; };
		26745C6722379932000BCD1B /* GridSlotView.swift in Sources */ = {isa = PBXBuildFile; fileRef = 26745C6622379932000BCD1B /* GridSlotView.swift */; };
		26745C6922383762000BCD1B /* Game.swift in Sources */ = {isa = PBXBuildFile; fileRef = 26745C6822383762000BCD1B /* Game.swift */; };
		26745C6B22383800000BCD1B /* GameView.swift in Sources */ = {isa = PBXBuildFile; fileRef = 26745C6A22383800000BCD1B /* GameView.swift */; };
		26745C6D223838A3000BCD1B /* GridView.swift in Sources */ = {isa = PBXBuildFile; fileRef = 26745C6C223838A3000BCD1B /* GridView.swift */; };
		26745C6F2238628F000BCD1B /* RackView.swift in Sources */ = {isa = PBXBuildFile; fileRef = 26745C6E2238628F000BCD1B /* RackView.swift */; };
		26745C78223B0291000BCD1B /* DragHandler.swift in Sources */ = {isa = PBXBuildFile; fileRef = 26745C77223B0291000BCD1B /* DragHandler.swift */; };
		26745C7A223B0D49000BCD1B /* Rules.swift in Sources */ = {isa = PBXBuildFile; fileRef = 26745C79223B0D49000BCD1B /* Rules.swift */; };
		267ED5E92245E380000E2F19 /* PauseView.swift in Sources */ = {isa = PBXBuildFile; fileRef = 267ED5E82245E380000E2F19 /* PauseView.swift */; };
		267ED5EE22495B69000E2F19 /* ButtonHandler.swift in Sources */ = {isa = PBXBuildFile; fileRef = 267ED5ED22495B69000E2F19 /* ButtonHandler.swift */; };
		2682695C2241880D00915F4D /* WordList-8.txt in Resources */ = {isa = PBXBuildFile; fileRef = 268269522241880B00915F4D /* WordList-8.txt */; };
		2682695D2241880D00915F4D /* WordList-11.txt in Resources */ = {isa = PBXBuildFile; fileRef = 268269532241880B00915F4D /* WordList-11.txt */; };
		2682695E2241880D00915F4D /* WordList-4.txt in Resources */ = {isa = PBXBuildFile; fileRef = 268269542241880C00915F4D /* WordList-4.txt */; };
		2682695F2241880D00915F4D /* WordList-5.txt in Resources */ = {isa = PBXBuildFile; fileRef = 268269552241880C00915F4D /* WordList-5.txt */; };
		268269602241880D00915F4D /* WordList-6.txt in Resources */ = {isa = PBXBuildFile; fileRef = 268269562241880C00915F4D /* WordList-6.txt */; };
		268269612241880D00915F4D /* WordList-10.txt in Resources */ = {isa = PBXBuildFile; fileRef = 268269572241880C00915F4D /* WordList-10.txt */; };
		268269622241880D00915F4D /* WordList-9.txt in Resources */ = {isa = PBXBuildFile; fileRef = 268269582241880D00915F4D /* WordList-9.txt */; };
		268269632241880D00915F4D /* WordList-3.txt in Resources */ = {isa = PBXBuildFile; fileRef = 268269592241880D00915F4D /* WordList-3.txt */; };
		268269642241880D00915F4D /* WordList-7.txt in Resources */ = {isa = PBXBuildFile; fileRef = 2682695A2241880D00915F4D /* WordList-7.txt */; };
		268269652241880D00915F4D /* WordList-12.txt in Resources */ = {isa = PBXBuildFile; fileRef = 2682695B2241880D00915F4D /* WordList-12.txt */; };
		2699DED0224F371E000E2A10 /* Fonts.swift in Sources */ = {isa = PBXBuildFile; fileRef = 2699DECF224F371E000E2A10 /* Fonts.swift */; };
		2699DED2224F37E8000E2A10 /* Animations.swift in Sources */ = {isa = PBXBuildFile; fileRef = 2699DED1224F37E8000E2A10 /* Animations.swift */; };
		269AB8A822453FAB00F7F005 /* ScoreView.swift in Sources */ = {isa = PBXBuildFile; fileRef = 269AB8A722453FAB00F7F005 /* ScoreView.swift */; };
		26DD29C3224F319800238A31 /* GameOverView.swift in Sources */ = {isa = PBXBuildFile; fileRef = 26DD29C2224F319800238A31 /* GameOverView.swift */; };
		26DD29C6224F324200238A31 /* Colors.swift in Sources */ = {isa = PBXBuildFile; fileRef = 26DD29C5224F324200238A31 /* Colors.swift */; };
		26F341EC223FFD8D006CAA0A /* TimerView.swift in Sources */ = {isa = PBXBuildFile; fileRef = 26F341EB223FFD8D006CAA0A /* TimerView.swift */; };
		26F341F12240725E006CAA0A /* IO.swift in Sources */ = {isa = PBXBuildFile; fileRef = 26F341F02240725E006CAA0A /* IO.swift */; };
		26F341F622408158006CAA0A /* Other.swift in Sources */ = {isa = PBXBuildFile; fileRef = 26F341F522408158006CAA0A /* Other.swift */; };
		26F39565224FD911001081C1 /* 1.txt in Resources */ = {isa = PBXBuildFile; fileRef = 26F39564224FD911001081C1 /* 1.txt */; };
		26F39567224FD91E001081C1 /* 2.txt in Resources */ = {isa = PBXBuildFile; fileRef = 26F39566224FD91E001081C1 /* 2.txt */; };
		26F39569224FD926001081C1 /* 3.txt in Resources */ = {isa = PBXBuildFile; fileRef = 26F39568224FD926001081C1 /* 3.txt */; };
		26F790D42273779D00245B2C /* Settings.swift in Sources */ = {isa = PBXBuildFile; fileRef = 26F790D32273779D00245B2C /* Settings.swift */; };
		26F790D62273784B00245B2C /* Storage.swift in Sources */ = {isa = PBXBuildFile; fileRef = 26F790D52273784B00245B2C /* Storage.swift */; };
/* End PBXBuildFile section */

/* Begin PBXContainerItemProxy section */
		2663D9212236028700A59810 /* PBXContainerItemProxy */ = {
			isa = PBXContainerItemProxy;
			containerPortal = 2663D9042236028700A59810 /* Project object */;
			proxyType = 1;
			remoteGlobalIDString = 2663D90B2236028700A59810;
			remoteInfo = wordgame;
		};
		2663D92C2236028700A59810 /* PBXContainerItemProxy */ = {
			isa = PBXContainerItemProxy;
			containerPortal = 2663D9042236028700A59810 /* Project object */;
			proxyType = 1;
			remoteGlobalIDString = 2663D90B2236028700A59810;
			remoteInfo = wordgame;
		};
/* End PBXContainerItemProxy section */

/* Begin PBXFileReference section */
		260EAB7C2270A73400B005DA /* TileGenerator.swift */ = {isa = PBXFileReference; lastKnownFileType = sourcecode.swift; path = TileGenerator.swift; sourceTree = "<group>"; };
		260EAB7F22721EBB00B005DA /* WordDataLineView.swift */ = {isa = PBXFileReference; lastKnownFileType = sourcecode.swift; path = WordDataLineView.swift; sourceTree = "<group>"; };
		2610741B226E701F003C79AF /* BadgeView.swift */ = {isa = PBXFileReference; lastKnownFileType = sourcecode.swift; path = BadgeView.swift; sourceTree = "<group>"; };
		261FD3C52258FA99001B1AF0 /* PlaytestOptions.swift */ = {isa = PBXFileReference; lastKnownFileType = sourcecode.swift; path = PlaytestOptions.swift; sourceTree = "<group>"; };
		261FD3C7225D27B7001B1AF0 /* BackgroundView.swift */ = {isa = PBXFileReference; lastKnownFileType = sourcecode.swift; path = BackgroundView.swift; sourceTree = "<group>"; };
		2663D90C2236028700A59810 /* wordgame.app */ = {isa = PBXFileReference; explicitFileType = wrapper.application; includeInIndex = 0; path = wordgame.app; sourceTree = BUILT_PRODUCTS_DIR; };
		2663D90F2236028700A59810 /* AppDelegate.swift */ = {isa = PBXFileReference; lastKnownFileType = sourcecode.swift; path = AppDelegate.swift; sourceTree = "<group>"; };
		2663D9112236028700A59810 /* ViewController.swift */ = {isa = PBXFileReference; lastKnownFileType = sourcecode.swift; path = ViewController.swift; sourceTree = "<group>"; };
		2663D9142236028700A59810 /* Base */ = {isa = PBXFileReference; lastKnownFileType = file.storyboard; name = Base; path = Base.lproj/Main.storyboard; sourceTree = "<group>"; };
		2663D9162236028700A59810 /* Assets.xcassets */ = {isa = PBXFileReference; lastKnownFileType = folder.assetcatalog; path = Assets.xcassets; sourceTree = "<group>"; };
		2663D9192236028700A59810 /* Base */ = {isa = PBXFileReference; lastKnownFileType = file.storyboard; name = Base; path = Base.lproj/Main.storyboard; sourceTree = "<group>"; };
		2663D91B2236028700A59810 /* Info.plist */ = {isa = PBXFileReference; lastKnownFileType = text.plist.xml; path = Info.plist; sourceTree = "<group>"; };
		2663D9202236028700A59810 /* wordgameTests.xctest */ = {isa = PBXFileReference; explicitFileType = wrapper.cfbundle; includeInIndex = 0; path = wordgameTests.xctest; sourceTree = BUILT_PRODUCTS_DIR; };
		2663D9242236028700A59810 /* wordgameTests.swift */ = {isa = PBXFileReference; lastKnownFileType = sourcecode.swift; path = wordgameTests.swift; sourceTree = "<group>"; };
		2663D9262236028700A59810 /* Info.plist */ = {isa = PBXFileReference; lastKnownFileType = text.plist.xml; path = Info.plist; sourceTree = "<group>"; };
		2663D92B2236028700A59810 /* wordgameUITests.xctest */ = {isa = PBXFileReference; explicitFileType = wrapper.cfbundle; includeInIndex = 0; path = wordgameUITests.xctest; sourceTree = BUILT_PRODUCTS_DIR; };
		2663D92F2236028700A59810 /* wordgameUITests.swift */ = {isa = PBXFileReference; lastKnownFileType = sourcecode.swift; path = wordgameUITests.swift; sourceTree = "<group>"; };
		2663D9312236028700A59810 /* Info.plist */ = {isa = PBXFileReference; lastKnownFileType = text.plist.xml; path = Info.plist; sourceTree = "<group>"; };
		2663D93D2236039800A59810 /* TileView.swift */ = {isa = PBXFileReference; lastKnownFileType = sourcecode.swift; path = TileView.swift; sourceTree = "<group>"; };
		2663D93F223604C100A59810 /* Device.swift */ = {isa = PBXFileReference; lastKnownFileType = sourcecode.swift; path = Device.swift; sourceTree = "<group>"; };
		2663D9432236206A00A59810 /* Tile.swift */ = {isa = PBXFileReference; lastKnownFileType = sourcecode.swift; path = Tile.swift; sourceTree = "<group>"; };
		26745C6222378CD8000BCD1B /* Rack.swift */ = {isa = PBXFileReference; lastKnownFileType = sourcecode.swift; path = Rack.swift; sourceTree = "<group>"; };
		26745C6422378CDF000BCD1B /* Grid.swift */ = {isa = PBXFileReference; lastKnownFileType = sourcecode.swift; path = Grid.swift; sourceTree = "<group>"; };
		26745C6622379932000BCD1B /* GridSlotView.swift */ = {isa = PBXFileReference; fileEncoding = 4; lastKnownFileType = sourcecode.swift; path = GridSlotView.swift; sourceTree = "<group>"; };
		26745C6822383762000BCD1B /* Game.swift */ = {isa = PBXFileReference; lastKnownFileType = sourcecode.swift; path = Game.swift; sourceTree = "<group>"; };
		26745C6A22383800000BCD1B /* GameView.swift */ = {isa = PBXFileReference; lastKnownFileType = sourcecode.swift; path = GameView.swift; sourceTree = "<group>"; };
		26745C6C223838A3000BCD1B /* GridView.swift */ = {isa = PBXFileReference; lastKnownFileType = sourcecode.swift; path = GridView.swift; sourceTree = "<group>"; };
		26745C6E2238628F000BCD1B /* RackView.swift */ = {isa = PBXFileReference; fileEncoding = 4; lastKnownFileType = sourcecode.swift; path = RackView.swift; sourceTree = "<group>"; };
		26745C77223B0291000BCD1B /* DragHandler.swift */ = {isa = PBXFileReference; lastKnownFileType = sourcecode.swift; path = DragHandler.swift; sourceTree = "<group>"; };
		26745C79223B0D49000BCD1B /* Rules.swift */ = {isa = PBXFileReference; lastKnownFileType = sourcecode.swift; path = Rules.swift; sourceTree = "<group>"; };
		267ED5E82245E380000E2F19 /* PauseView.swift */ = {isa = PBXFileReference; lastKnownFileType = sourcecode.swift; path = PauseView.swift; sourceTree = "<group>"; };
		267ED5ED22495B69000E2F19 /* ButtonHandler.swift */ = {isa = PBXFileReference; lastKnownFileType = sourcecode.swift; path = ButtonHandler.swift; sourceTree = "<group>"; };
		268269522241880B00915F4D /* WordList-8.txt */ = {isa = PBXFileReference; fileEncoding = 4; lastKnownFileType = text; path = "WordList-8.txt"; sourceTree = "<group>"; };
		268269532241880B00915F4D /* WordList-11.txt */ = {isa = PBXFileReference; fileEncoding = 4; lastKnownFileType = text; path = "WordList-11.txt"; sourceTree = "<group>"; };
		268269542241880C00915F4D /* WordList-4.txt */ = {isa = PBXFileReference; fileEncoding = 4; lastKnownFileType = text; path = "WordList-4.txt"; sourceTree = "<group>"; };
		268269552241880C00915F4D /* WordList-5.txt */ = {isa = PBXFileReference; fileEncoding = 4; lastKnownFileType = text; path = "WordList-5.txt"; sourceTree = "<group>"; };
		268269562241880C00915F4D /* WordList-6.txt */ = {isa = PBXFileReference; fileEncoding = 4; lastKnownFileType = text; path = "WordList-6.txt"; sourceTree = "<group>"; };
		268269572241880C00915F4D /* WordList-10.txt */ = {isa = PBXFileReference; fileEncoding = 4; lastKnownFileType = text; path = "WordList-10.txt"; sourceTree = "<group>"; };
		268269582241880D00915F4D /* WordList-9.txt */ = {isa = PBXFileReference; fileEncoding = 4; lastKnownFileType = text; path = "WordList-9.txt"; sourceTree = "<group>"; };
		268269592241880D00915F4D /* WordList-3.txt */ = {isa = PBXFileReference; fileEncoding = 4; lastKnownFileType = text; path = "WordList-3.txt"; sourceTree = "<group>"; };
		2682695A2241880D00915F4D /* WordList-7.txt */ = {isa = PBXFileReference; fileEncoding = 4; lastKnownFileType = text; path = "WordList-7.txt"; sourceTree = "<group>"; };
		2682695B2241880D00915F4D /* WordList-12.txt */ = {isa = PBXFileReference; fileEncoding = 4; lastKnownFileType = text; path = "WordList-12.txt"; sourceTree = "<group>"; };
		2699DECF224F371E000E2A10 /* Fonts.swift */ = {isa = PBXFileReference; lastKnownFileType = sourcecode.swift; path = Fonts.swift; sourceTree = "<group>"; };
		2699DED1224F37E8000E2A10 /* Animations.swift */ = {isa = PBXFileReference; lastKnownFileType = sourcecode.swift; path = Animations.swift; sourceTree = "<group>"; };
		269AB8A722453FAB00F7F005 /* ScoreView.swift */ = {isa = PBXFileReference; lastKnownFileType = sourcecode.swift; path = ScoreView.swift; sourceTree = "<group>"; };
		26DD29C2224F319800238A31 /* GameOverView.swift */ = {isa = PBXFileReference; lastKnownFileType = sourcecode.swift; path = GameOverView.swift; sourceTree = "<group>"; };
		26DD29C5224F324200238A31 /* Colors.swift */ = {isa = PBXFileReference; lastKnownFileType = sourcecode.swift; path = Colors.swift; sourceTree = "<group>"; };
		26F341EB223FFD8D006CAA0A /* TimerView.swift */ = {isa = PBXFileReference; lastKnownFileType = sourcecode.swift; path = TimerView.swift; sourceTree = "<group>"; };
		26F341F02240725E006CAA0A /* IO.swift */ = {isa = PBXFileReference; lastKnownFileType = sourcecode.swift; path = IO.swift; sourceTree = "<group>"; };
		26F341F522408158006CAA0A /* Other.swift */ = {isa = PBXFileReference; lastKnownFileType = sourcecode.swift; path = Other.swift; sourceTree = "<group>"; };
		26F39564224FD911001081C1 /* 1.txt */ = {isa = PBXFileReference; lastKnownFileType = text; path = 1.txt; sourceTree = "<group>"; };
		26F39566224FD91E001081C1 /* 2.txt */ = {isa = PBXFileReference; lastKnownFileType = text; path = 2.txt; sourceTree = "<group>"; };
		26F39568224FD926001081C1 /* 3.txt */ = {isa = PBXFileReference; lastKnownFileType = text; path = 3.txt; sourceTree = "<group>"; };
		26F790D32273779D00245B2C /* Settings.swift */ = {isa = PBXFileReference; lastKnownFileType = sourcecode.swift; path = Settings.swift; sourceTree = "<group>"; };
		26F790D52273784B00245B2C /* Storage.swift */ = {isa = PBXFileReference; lastKnownFileType = sourcecode.swift; path = Storage.swift; sourceTree = "<group>"; };
/* End PBXFileReference section */

/* Begin PBXFrameworksBuildPhase section */
		2663D9092236028700A59810 /* Frameworks */ = {
			isa = PBXFrameworksBuildPhase;
			buildActionMask = 2147483647;
			files = (
			);
			runOnlyForDeploymentPostprocessing = 0;
		};
		2663D91D2236028700A59810 /* Frameworks */ = {
			isa = PBXFrameworksBuildPhase;
			buildActionMask = 2147483647;
			files = (
			);
			runOnlyForDeploymentPostprocessing = 0;
		};
		2663D9282236028700A59810 /* Frameworks */ = {
			isa = PBXFrameworksBuildPhase;
			buildActionMask = 2147483647;
			files = (
			);
			runOnlyForDeploymentPostprocessing = 0;
		};
/* End PBXFrameworksBuildPhase section */

/* Begin PBXGroup section */
		260EAB7E2270A74100B005DA /* Rules */ = {
			isa = PBXGroup;
			children = (
				260EAB7C2270A73400B005DA /* TileGenerator.swift */,
				261FD3C52258FA99001B1AF0 /* PlaytestOptions.swift */,
				26F790D32273779D00245B2C /* Settings.swift */,
				26745C79223B0D49000BCD1B /* Rules.swift */,
			);
			path = Rules;
			sourceTree = "<group>";
		};
		2663D9032236028700A59810 = {
			isa = PBXGroup;
			children = (
				2663D90E2236028700A59810 /* wordgame */,
				2663D9232236028700A59810 /* wordgameTests */,
				2663D92E2236028700A59810 /* wordgameUITests */,
				2663D90D2236028700A59810 /* Products */,
			);
			sourceTree = "<group>";
		};
		2663D90D2236028700A59810 /* Products */ = {
			isa = PBXGroup;
			children = (
				2663D90C2236028700A59810 /* wordgame.app */,
				2663D9202236028700A59810 /* wordgameTests.xctest */,
				2663D92B2236028700A59810 /* wordgameUITests.xctest */,
			);
			name = Products;
			sourceTree = "<group>";
		};
		2663D90E2236028700A59810 /* wordgame */ = {
			isa = PBXGroup;
			children = (
				2663D90F2236028700A59810 /* AppDelegate.swift */,
				26DD29C4224F31D600238A31 /* UXD */,
				260EAB7E2270A74100B005DA /* Rules */,
				26745C762239931A000BCD1B /* Main */,
				26745C6122378C85000BCD1B /* Views */,
				26745C75223992F0000BCD1B /* Objects */,
				26F341F42240813B006CAA0A /* Helpers */,
				26F341ED224070EB006CAA0A /* Files */,
				2663D9132236028700A59810 /* Main.storyboard */,
				2663D9162236028700A59810 /* Assets.xcassets */,
				2663D9182236028700A59810 /* LaunchScreen.storyboard */,
				2663D91B2236028700A59810 /* Info.plist */,
			);
			path = wordgame;
			sourceTree = "<group>";
		};
		2663D9232236028700A59810 /* wordgameTests */ = {
			isa = PBXGroup;
			children = (
				2663D9242236028700A59810 /* wordgameTests.swift */,
				2663D9262236028700A59810 /* Info.plist */,
			);
			path = wordgameTests;
			sourceTree = "<group>";
		};
		2663D92E2236028700A59810 /* wordgameUITests */ = {
			isa = PBXGroup;
			children = (
				2663D92F2236028700A59810 /* wordgameUITests.swift */,
				2663D9312236028700A59810 /* Info.plist */,
			);
			path = wordgameUITests;
			sourceTree = "<group>";
		};
		26745C6122378C85000BCD1B /* Views */ = {
			isa = PBXGroup;
			children = (
				261FD3C7225D27B7001B1AF0 /* BackgroundView.swift */,
				26745C6A22383800000BCD1B /* GameView.swift */,
				269AB8A722453FAB00F7F005 /* ScoreView.swift */,
				26745C6C223838A3000BCD1B /* GridView.swift */,
				26745C6E2238628F000BCD1B /* RackView.swift */,
				26F341EB223FFD8D006CAA0A /* TimerView.swift */,
				267ED5E82245E380000E2F19 /* PauseView.swift */,
				26DD29C7224F334700238A31 /* Subviews */,
				26DD29C8224F335E00238A31 /* Screens */,
			);
			path = Views;
			sourceTree = "<group>";
		};
		26745C75223992F0000BCD1B /* Objects */ = {
			isa = PBXGroup;
			children = (
				26745C6822383762000BCD1B /* Game.swift */,
				26745C6422378CDF000BCD1B /* Grid.swift */,
				26745C6222378CD8000BCD1B /* Rack.swift */,
				2663D9432236206A00A59810 /* Tile.swift */,
			);
			path = Objects;
			sourceTree = "<group>";
		};
		26745C762239931A000BCD1B /* Main */ = {
			isa = PBXGroup;
			children = (
				2663D9112236028700A59810 /* ViewController.swift */,
				26745C77223B0291000BCD1B /* DragHandler.swift */,
				267ED5ED22495B69000E2F19 /* ButtonHandler.swift */,
			);
			path = Main;
			sourceTree = "<group>";
		};
		267ED5E7224596EE000E2F19 /* TileFrequencies */ = {
			isa = PBXGroup;
			children = (
				26F39564224FD911001081C1 /* 1.txt */,
				26F39566224FD91E001081C1 /* 2.txt */,
				26F39568224FD926001081C1 /* 3.txt */,
			);
			path = TileFrequencies;
			sourceTree = "<group>";
		};
		26826951224187FB00915F4D /* WordLists */ = {
			isa = PBXGroup;
			children = (
				268269592241880D00915F4D /* WordList-3.txt */,
				268269542241880C00915F4D /* WordList-4.txt */,
				268269552241880C00915F4D /* WordList-5.txt */,
				268269562241880C00915F4D /* WordList-6.txt */,
				2682695A2241880D00915F4D /* WordList-7.txt */,
				268269522241880B00915F4D /* WordList-8.txt */,
				268269582241880D00915F4D /* WordList-9.txt */,
				268269572241880C00915F4D /* WordList-10.txt */,
				268269532241880B00915F4D /* WordList-11.txt */,
				2682695B2241880D00915F4D /* WordList-12.txt */,
			);
			path = WordLists;
			sourceTree = "<group>";
		};
		26DD29C4224F31D600238A31 /* UXD */ = {
			isa = PBXGroup;
			children = (
				2663D93F223604C100A59810 /* Device.swift */,
				26DD29C5224F324200238A31 /* Colors.swift */,
				2699DECF224F371E000E2A10 /* Fonts.swift */,
				2699DED1224F37E8000E2A10 /* Animations.swift */,
			);
			path = UXD;
			sourceTree = "<group>";
		};
		26DD29C7224F334700238A31 /* Subviews */ = {
			isa = PBXGroup;
			children = (
				2663D93D2236039800A59810 /* TileView.swift */,
				26745C6622379932000BCD1B /* GridSlotView.swift */,
				2610741B226E701F003C79AF /* BadgeView.swift */,
				260EAB7F22721EBB00B005DA /* WordDataLineView.swift */,
			);
			path = Subviews;
			sourceTree = "<group>";
		};
		26DD29C8224F335E00238A31 /* Screens */ = {
			isa = PBXGroup;
			children = (
				26DD29C2224F319800238A31 /* GameOverView.swift */,
			);
			path = Screens;
			sourceTree = "<group>";
		};
		26F341ED224070EB006CAA0A /* Files */ = {
			isa = PBXGroup;
			children = (
				267ED5E7224596EE000E2F19 /* TileFrequencies */,
				26826951224187FB00915F4D /* WordLists */,
			);
			path = Files;
			sourceTree = "<group>";
		};
		26F341F42240813B006CAA0A /* Helpers */ = {
			isa = PBXGroup;
			children = (
				26F341F02240725E006CAA0A /* IO.swift */,
				26F790D52273784B00245B2C /* Storage.swift */,
				26F341F522408158006CAA0A /* Other.swift */,
			);
			path = Helpers;
			sourceTree = "<group>";
		};
/* End PBXGroup section */

/* Begin PBXNativeTarget section */
		2663D90B2236028700A59810 /* wordgame */ = {
			isa = PBXNativeTarget;
			buildConfigurationList = 2663D9342236028700A59810 /* Build configuration list for PBXNativeTarget "wordgame" */;
			buildPhases = (
				2663D9082236028700A59810 /* Sources */,
				2663D9092236028700A59810 /* Frameworks */,
				2663D90A2236028700A59810 /* Resources */,
			);
			buildRules = (
			);
			dependencies = (
			);
			name = wordgame;
			productName = wordgame;
			productReference = 2663D90C2236028700A59810 /* wordgame.app */;
			productType = "com.apple.product-type.application";
		};
		2663D91F2236028700A59810 /* wordgameTests */ = {
			isa = PBXNativeTarget;
			buildConfigurationList = 2663D9372236028700A59810 /* Build configuration list for PBXNativeTarget "wordgameTests" */;
			buildPhases = (
				2663D91C2236028700A59810 /* Sources */,
				2663D91D2236028700A59810 /* Frameworks */,
				2663D91E2236028700A59810 /* Resources */,
			);
			buildRules = (
			);
			dependencies = (
				2663D9222236028700A59810 /* PBXTargetDependency */,
			);
			name = wordgameTests;
			productName = wordgameTests;
			productReference = 2663D9202236028700A59810 /* wordgameTests.xctest */;
			productType = "com.apple.product-type.bundle.unit-test";
		};
		2663D92A2236028700A59810 /* wordgameUITests */ = {
			isa = PBXNativeTarget;
			buildConfigurationList = 2663D93A2236028700A59810 /* Build configuration list for PBXNativeTarget "wordgameUITests" */;
			buildPhases = (
				2663D9272236028700A59810 /* Sources */,
				2663D9282236028700A59810 /* Frameworks */,
				2663D9292236028700A59810 /* Resources */,
			);
			buildRules = (
			);
			dependencies = (
				2663D92D2236028700A59810 /* PBXTargetDependency */,
			);
			name = wordgameUITests;
			productName = wordgameUITests;
			productReference = 2663D92B2236028700A59810 /* wordgameUITests.xctest */;
			productType = "com.apple.product-type.bundle.ui-testing";
		};
/* End PBXNativeTarget section */

/* Begin PBXProject section */
		2663D9042236028700A59810 /* Project object */ = {
			isa = PBXProject;
			attributes = {
				LastSwiftUpdateCheck = 0920;
				LastUpgradeCheck = 0920;
				ORGANIZATIONNAME = "Milo Beckman, Inc.";
				TargetAttributes = {
					2663D90B2236028700A59810 = {
						CreatedOnToolsVersion = 9.2;
						ProvisioningStyle = Automatic;
					};
					2663D91F2236028700A59810 = {
						CreatedOnToolsVersion = 9.2;
						ProvisioningStyle = Automatic;
						TestTargetID = 2663D90B2236028700A59810;
					};
					2663D92A2236028700A59810 = {
						CreatedOnToolsVersion = 9.2;
						ProvisioningStyle = Automatic;
						TestTargetID = 2663D90B2236028700A59810;
					};
				};
			};
			buildConfigurationList = 2663D9072236028700A59810 /* Build configuration list for PBXProject "wordgame" */;
			compatibilityVersion = "Xcode 8.0";
			developmentRegion = en;
			hasScannedForEncodings = 0;
			knownRegions = (
				en,
				Base,
			);
			mainGroup = 2663D9032236028700A59810;
			productRefGroup = 2663D90D2236028700A59810 /* Products */;
			projectDirPath = "";
			projectRoot = "";
			targets = (
				2663D90B2236028700A59810 /* wordgame */,
				2663D91F2236028700A59810 /* wordgameTests */,
				2663D92A2236028700A59810 /* wordgameUITests */,
			);
		};
/* End PBXProject section */

/* Begin PBXResourcesBuildPhase section */
		2663D90A2236028700A59810 /* Resources */ = {
			isa = PBXResourcesBuildPhase;
			buildActionMask = 2147483647;
			files = (
				26F39565224FD911001081C1 /* 1.txt in Resources */,
				268269612241880D00915F4D /* WordList-10.txt in Resources */,
				268269652241880D00915F4D /* WordList-12.txt in Resources */,
				268269622241880D00915F4D /* WordList-9.txt in Resources */,
				2663D91A2236028700A59810 /* LaunchScreen.storyboard in Resources */,
				26F39567224FD91E001081C1 /* 2.txt in Resources */,
				2663D9172236028700A59810 /* Assets.xcassets in Resources */,
				26F39569224FD926001081C1 /* 3.txt in Resources */,
				2682695F2241880D00915F4D /* WordList-5.txt in Resources */,
				2682695C2241880D00915F4D /* WordList-8.txt in Resources */,
				268269642241880D00915F4D /* WordList-7.txt in Resources */,
				268269632241880D00915F4D /* WordList-3.txt in Resources */,
				2682695E2241880D00915F4D /* WordList-4.txt in Resources */,
				2663D9152236028700A59810 /* Main.storyboard in Resources */,
				2682695D2241880D00915F4D /* WordList-11.txt in Resources */,
				268269602241880D00915F4D /* WordList-6.txt in Resources */,
			);
			runOnlyForDeploymentPostprocessing = 0;
		};
		2663D91E2236028700A59810 /* Resources */ = {
			isa = PBXResourcesBuildPhase;
			buildActionMask = 2147483647;
			files = (
			);
			runOnlyForDeploymentPostprocessing = 0;
		};
		2663D9292236028700A59810 /* Resources */ = {
			isa = PBXResourcesBuildPhase;
			buildActionMask = 2147483647;
			files = (
			);
			runOnlyForDeploymentPostprocessing = 0;
		};
/* End PBXResourcesBuildPhase section */

/* Begin PBXSourcesBuildPhase section */
		2663D9082236028700A59810 /* Sources */ = {
			isa = PBXSourcesBuildPhase;
			buildActionMask = 2147483647;
			files = (
				2663D93E2236039800A59810 /* TileView.swift in Sources */,
				269AB8A822453FAB00F7F005 /* ScoreView.swift in Sources */,
				261FD3C8225D27B7001B1AF0 /* BackgroundView.swift in Sources */,
				26745C6F2238628F000BCD1B /* RackView.swift in Sources */,
				26745C6922383762000BCD1B /* Game.swift in Sources */,
				260EAB8022721EBB00B005DA /* WordDataLineView.swift in Sources */,
				2663D9122236028700A59810 /* ViewController.swift in Sources */,
				26745C6D223838A3000BCD1B /* GridView.swift in Sources */,
				2699DED2224F37E8000E2A10 /* Animations.swift in Sources */,
				26F341F12240725E006CAA0A /* IO.swift in Sources */,
				267ED5E92245E380000E2F19 /* PauseView.swift in Sources */,
				261FD3C62258FA99001B1AF0 /* PlaytestOptions.swift in Sources */,
				260EAB7D2270A73400B005DA /* TileGenerator.swift in Sources */,
				2663D940223604C100A59810 /* Device.swift in Sources */,
				26F341EC223FFD8D006CAA0A /* TimerView.swift in Sources */,
				26745C6B22383800000BCD1B /* GameView.swift in Sources */,
				26745C6522378CDF000BCD1B /* Grid.swift in Sources */,
				2610741C226E701F003C79AF /* BadgeView.swift in Sources */,
				26DD29C3224F319800238A31 /* GameOverView.swift in Sources */,
				26F790D62273784B00245B2C /* Storage.swift in Sources */,
				26DD29C6224F324200238A31 /* Colors.swift in Sources */,
				26745C78223B0291000BCD1B /* DragHandler.swift in Sources */,
				2663D9442236206A00A59810 /* Tile.swift in Sources */,
				2699DED0224F371E000E2A10 /* Fonts.swift in Sources */,
				26745C6322378CD8000BCD1B /* Rack.swift in Sources */,
				26F790D42273779D00245B2C /* Settings.swift in Sources */,
				26745C6722379932000BCD1B /* GridSlotView.swift in Sources */,
				26F341F622408158006CAA0A /* Other.swift in Sources */,
				267ED5EE22495B69000E2F19 /* ButtonHandler.swift in Sources */,
				2663D9102236028700A59810 /* AppDelegate.swift in Sources */,
				26745C7A223B0D49000BCD1B /* Rules.swift in Sources */,
			);
			runOnlyForDeploymentPostprocessing = 0;
		};
		2663D91C2236028700A59810 /* Sources */ = {
			isa = PBXSourcesBuildPhase;
			buildActionMask = 2147483647;
			files = (
				2663D9252236028700A59810 /* wordgameTests.swift in Sources */,
			);
			runOnlyForDeploymentPostprocessing = 0;
		};
		2663D9272236028700A59810 /* Sources */ = {
			isa = PBXSourcesBuildPhase;
			buildActionMask = 2147483647;
			files = (
				2663D9302236028700A59810 /* wordgameUITests.swift in Sources */,
			);
			runOnlyForDeploymentPostprocessing = 0;
		};
/* End PBXSourcesBuildPhase section */

/* Begin PBXTargetDependency section */
		2663D9222236028700A59810 /* PBXTargetDependency */ = {
			isa = PBXTargetDependency;
			target = 2663D90B2236028700A59810 /* wordgame */;
			targetProxy = 2663D9212236028700A59810 /* PBXContainerItemProxy */;
		};
		2663D92D2236028700A59810 /* PBXTargetDependency */ = {
			isa = PBXTargetDependency;
			target = 2663D90B2236028700A59810 /* wordgame */;
			targetProxy = 2663D92C2236028700A59810 /* PBXContainerItemProxy */;
		};
/* End PBXTargetDependency section */

/* Begin PBXVariantGroup section */
		2663D9132236028700A59810 /* Main.storyboard */ = {
			isa = PBXVariantGroup;
			children = (
				2663D9142236028700A59810 /* Base */,
			);
			name = Main.storyboard;
			sourceTree = "<group>";
		};
		2663D9182236028700A59810 /* LaunchScreen.storyboard */ = {
			isa = PBXVariantGroup;
			children = (
				2663D9192236028700A59810 /* Base */,
			);
			name = LaunchScreen.storyboard;
			sourceTree = "<group>";
		};
/* End PBXVariantGroup section */

/* Begin XCBuildConfiguration section */
		2663D9322236028700A59810 /* Debug */ = {
			isa = XCBuildConfiguration;
			buildSettings = {
				ALWAYS_SEARCH_USER_PATHS = NO;
				CLANG_ANALYZER_NONNULL = YES;
				CLANG_ANALYZER_NUMBER_OBJECT_CONVERSION = YES_AGGRESSIVE;
				CLANG_CXX_LANGUAGE_STANDARD = "gnu++14";
				CLANG_CXX_LIBRARY = "libc++";
				CLANG_ENABLE_MODULES = YES;
				CLANG_ENABLE_OBJC_ARC = YES;
				CLANG_WARN_BLOCK_CAPTURE_AUTORELEASING = YES;
				CLANG_WARN_BOOL_CONVERSION = YES;
				CLANG_WARN_COMMA = YES;
				CLANG_WARN_CONSTANT_CONVERSION = YES;
				CLANG_WARN_DIRECT_OBJC_ISA_USAGE = YES_ERROR;
				CLANG_WARN_DOCUMENTATION_COMMENTS = YES;
				CLANG_WARN_EMPTY_BODY = YES;
				CLANG_WARN_ENUM_CONVERSION = YES;
				CLANG_WARN_INFINITE_RECURSION = YES;
				CLANG_WARN_INT_CONVERSION = YES;
				CLANG_WARN_NON_LITERAL_NULL_CONVERSION = YES;
				CLANG_WARN_OBJC_LITERAL_CONVERSION = YES;
				CLANG_WARN_OBJC_ROOT_CLASS = YES_ERROR;
				CLANG_WARN_RANGE_LOOP_ANALYSIS = YES;
				CLANG_WARN_STRICT_PROTOTYPES = YES;
				CLANG_WARN_SUSPICIOUS_MOVE = YES;
				CLANG_WARN_UNGUARDED_AVAILABILITY = YES_AGGRESSIVE;
				CLANG_WARN_UNREACHABLE_CODE = YES;
				CLANG_WARN__DUPLICATE_METHOD_MATCH = YES;
				CODE_SIGN_IDENTITY = "iPhone Developer";
				COPY_PHASE_STRIP = NO;
				DEBUG_INFORMATION_FORMAT = dwarf;
				ENABLE_STRICT_OBJC_MSGSEND = YES;
				ENABLE_TESTABILITY = YES;
				GCC_C_LANGUAGE_STANDARD = gnu11;
				GCC_DYNAMIC_NO_PIC = NO;
				GCC_NO_COMMON_BLOCKS = YES;
				GCC_OPTIMIZATION_LEVEL = 0;
				GCC_PREPROCESSOR_DEFINITIONS = (
					"DEBUG=1",
					"$(inherited)",
				);
				GCC_WARN_64_TO_32_BIT_CONVERSION = YES;
				GCC_WARN_ABOUT_RETURN_TYPE = YES_ERROR;
				GCC_WARN_UNDECLARED_SELECTOR = YES;
				GCC_WARN_UNINITIALIZED_AUTOS = YES_AGGRESSIVE;
				GCC_WARN_UNUSED_FUNCTION = YES;
				GCC_WARN_UNUSED_VARIABLE = YES;
				IPHONEOS_DEPLOYMENT_TARGET = 11.2;
				MTL_ENABLE_DEBUG_INFO = YES;
				ONLY_ACTIVE_ARCH = YES;
				SDKROOT = iphoneos;
				SWIFT_ACTIVE_COMPILATION_CONDITIONS = DEBUG;
				SWIFT_OPTIMIZATION_LEVEL = "-Onone";
			};
			name = Debug;
		};
		2663D9332236028700A59810 /* Release */ = {
			isa = XCBuildConfiguration;
			buildSettings = {
				ALWAYS_SEARCH_USER_PATHS = NO;
				CLANG_ANALYZER_NONNULL = YES;
				CLANG_ANALYZER_NUMBER_OBJECT_CONVERSION = YES_AGGRESSIVE;
				CLANG_CXX_LANGUAGE_STANDARD = "gnu++14";
				CLANG_CXX_LIBRARY = "libc++";
				CLANG_ENABLE_MODULES = YES;
				CLANG_ENABLE_OBJC_ARC = YES;
				CLANG_WARN_BLOCK_CAPTURE_AUTORELEASING = YES;
				CLANG_WARN_BOOL_CONVERSION = YES;
				CLANG_WARN_COMMA = YES;
				CLANG_WARN_CONSTANT_CONVERSION = YES;
				CLANG_WARN_DIRECT_OBJC_ISA_USAGE = YES_ERROR;
				CLANG_WARN_DOCUMENTATION_COMMENTS = YES;
				CLANG_WARN_EMPTY_BODY = YES;
				CLANG_WARN_ENUM_CONVERSION = YES;
				CLANG_WARN_INFINITE_RECURSION = YES;
				CLANG_WARN_INT_CONVERSION = YES;
				CLANG_WARN_NON_LITERAL_NULL_CONVERSION = YES;
				CLANG_WARN_OBJC_LITERAL_CONVERSION = YES;
				CLANG_WARN_OBJC_ROOT_CLASS = YES_ERROR;
				CLANG_WARN_RANGE_LOOP_ANALYSIS = YES;
				CLANG_WARN_STRICT_PROTOTYPES = YES;
				CLANG_WARN_SUSPICIOUS_MOVE = YES;
				CLANG_WARN_UNGUARDED_AVAILABILITY = YES_AGGRESSIVE;
				CLANG_WARN_UNREACHABLE_CODE = YES;
				CLANG_WARN__DUPLICATE_METHOD_MATCH = YES;
				CODE_SIGN_IDENTITY = "iPhone Developer";
				COPY_PHASE_STRIP = NO;
				DEBUG_INFORMATION_FORMAT = "dwarf-with-dsym";
				ENABLE_NS_ASSERTIONS = NO;
				ENABLE_STRICT_OBJC_MSGSEND = YES;
				GCC_C_LANGUAGE_STANDARD = gnu11;
				GCC_NO_COMMON_BLOCKS = YES;
				GCC_WARN_64_TO_32_BIT_CONVERSION = YES;
				GCC_WARN_ABOUT_RETURN_TYPE = YES_ERROR;
				GCC_WARN_UNDECLARED_SELECTOR = YES;
				GCC_WARN_UNINITIALIZED_AUTOS = YES_AGGRESSIVE;
				GCC_WARN_UNUSED_FUNCTION = YES;
				GCC_WARN_UNUSED_VARIABLE = YES;
				IPHONEOS_DEPLOYMENT_TARGET = 11.2;
				MTL_ENABLE_DEBUG_INFO = NO;
				SDKROOT = iphoneos;
				SWIFT_OPTIMIZATION_LEVEL = "-Owholemodule";
				VALIDATE_PRODUCT = YES;
			};
			name = Release;
		};
		2663D9352236028700A59810 /* Debug */ = {
			isa = XCBuildConfiguration;
			buildSettings = {
				ASSETCATALOG_COMPILER_APPICON_NAME = AppIcon;
				CODE_SIGN_STYLE = Automatic;
				DEVELOPMENT_TEAM = 3PAG743AHF;
				INFOPLIST_FILE = wordgame/Info.plist;
				LD_RUNPATH_SEARCH_PATHS = "$(inherited) @executable_path/Frameworks";
				PRODUCT_BUNDLE_IDENTIFIER = milo.wordgame;
				PRODUCT_NAME = "$(TARGET_NAME)";
				SWIFT_VERSION = 4.0;
				TARGETED_DEVICE_FAMILY = "1,2";
			};
			name = Debug;
		};
		2663D9362236028700A59810 /* Release */ = {
			isa = XCBuildConfiguration;
			buildSettings = {
				ASSETCATALOG_COMPILER_APPICON_NAME = AppIcon;
				CODE_SIGN_STYLE = Automatic;
				DEVELOPMENT_TEAM = 3PAG743AHF;
				INFOPLIST_FILE = wordgame/Info.plist;
				LD_RUNPATH_SEARCH_PATHS = "$(inherited) @executable_path/Frameworks";
				PRODUCT_BUNDLE_IDENTIFIER = milo.wordgame;
				PRODUCT_NAME = "$(TARGET_NAME)";
				SWIFT_VERSION = 4.0;
				TARGETED_DEVICE_FAMILY = "1,2";
			};
			name = Release;
		};
		2663D9382236028700A59810 /* Debug */ = {
			isa = XCBuildConfiguration;
			buildSettings = {
				ALWAYS_EMBED_SWIFT_STANDARD_LIBRARIES = YES;
				BUNDLE_LOADER = "$(TEST_HOST)";
				CODE_SIGN_STYLE = Automatic;
				DEVELOPMENT_TEAM = 3PAG743AHF;
				INFOPLIST_FILE = wordgameTests/Info.plist;
				LD_RUNPATH_SEARCH_PATHS = "$(inherited) @executable_path/Frameworks @loader_path/Frameworks";
				PRODUCT_BUNDLE_IDENTIFIER = milo.wordgameTests;
				PRODUCT_NAME = "$(TARGET_NAME)";
				SWIFT_VERSION = 4.0;
				TARGETED_DEVICE_FAMILY = "1,2";
				TEST_HOST = "$(BUILT_PRODUCTS_DIR)/wordgame.app/wordgame";
			};
			name = Debug;
		};
		2663D9392236028700A59810 /* Release */ = {
			isa = XCBuildConfiguration;
			buildSettings = {
				ALWAYS_EMBED_SWIFT_STANDARD_LIBRARIES = YES;
				BUNDLE_LOADER = "$(TEST_HOST)";
				CODE_SIGN_STYLE = Automatic;
				DEVELOPMENT_TEAM = 3PAG743AHF;
				INFOPLIST_FILE = wordgameTests/Info.plist;
				LD_RUNPATH_SEARCH_PATHS = "$(inherited) @executable_path/Frameworks @loader_path/Frameworks";
				PRODUCT_BUNDLE_IDENTIFIER = milo.wordgameTests;
				PRODUCT_NAME = "$(TARGET_NAME)";
				SWIFT_VERSION = 4.0;
				TARGETED_DEVICE_FAMILY = "1,2";
				TEST_HOST = "$(BUILT_PRODUCTS_DIR)/wordgame.app/wordgame";
			};
			name = Release;
		};
		2663D93B2236028700A59810 /* Debug */ = {
			isa = XCBuildConfiguration;
			buildSettings = {
				ALWAYS_EMBED_SWIFT_STANDARD_LIBRARIES = YES;
				CODE_SIGN_STYLE = Automatic;
				DEVELOPMENT_TEAM = 3PAG743AHF;
				INFOPLIST_FILE = wordgameUITests/Info.plist;
				LD_RUNPATH_SEARCH_PATHS = "$(inherited) @executable_path/Frameworks @loader_path/Frameworks";
				PRODUCT_BUNDLE_IDENTIFIER = milo.wordgameUITests;
				PRODUCT_NAME = "$(TARGET_NAME)";
				SWIFT_VERSION = 4.0;
				TARGETED_DEVICE_FAMILY = "1,2";
				TEST_TARGET_NAME = wordgame;
			};
			name = Debug;
		};
		2663D93C2236028700A59810 /* Release */ = {
			isa = XCBuildConfiguration;
			buildSettings = {
				ALWAYS_EMBED_SWIFT_STANDARD_LIBRARIES = YES;
				CODE_SIGN_STYLE = Automatic;
				DEVELOPMENT_TEAM = 3PAG743AHF;
				INFOPLIST_FILE = wordgameUITests/Info.plist;
				LD_RUNPATH_SEARCH_PATHS = "$(inherited) @executable_path/Frameworks @loader_path/Frameworks";
				PRODUCT_BUNDLE_IDENTIFIER = milo.wordgameUITests;
				PRODUCT_NAME = "$(TARGET_NAME)";
				SWIFT_VERSION = 4.0;
				TARGETED_DEVICE_FAMILY = "1,2";
				TEST_TARGET_NAME = wordgame;
			};
			name = Release;
		};
/* End XCBuildConfiguration section */

/* Begin XCConfigurationList section */
		2663D9072236028700A59810 /* Build configuration list for PBXProject "wordgame" */ = {
			isa = XCConfigurationList;
			buildConfigurations = (
				2663D9322236028700A59810 /* Debug */,
				2663D9332236028700A59810 /* Release */,
			);
			defaultConfigurationIsVisible = 0;
			defaultConfigurationName = Release;
		};
		2663D9342236028700A59810 /* Build configuration list for PBXNativeTarget "wordgame" */ = {
			isa = XCConfigurationList;
			buildConfigurations = (
				2663D9352236028700A59810 /* Debug */,
				2663D9362236028700A59810 /* Release */,
			);
			defaultConfigurationIsVisible = 0;
			defaultConfigurationName = Release;
		};
		2663D9372236028700A59810 /* Build configuration list for PBXNativeTarget "wordgameTests" */ = {
			isa = XCConfigurationList;
			buildConfigurations = (
				2663D9382236028700A59810 /* Debug */,
				2663D9392236028700A59810 /* Release */,
			);
			defaultConfigurationIsVisible = 0;
			defaultConfigurationName = Release;
		};
		2663D93A2236028700A59810 /* Build configuration list for PBXNativeTarget "wordgameUITests" */ = {
			isa = XCConfigurationList;
			buildConfigurations = (
				2663D93B2236028700A59810 /* Debug */,
				2663D93C2236028700A59810 /* Release */,
			);
			defaultConfigurationIsVisible = 0;
			defaultConfigurationName = Release;
		};
/* End XCConfigurationList section */
	};
	rootObject = 2663D9042236028700A59810 /* Project object */;
}
